{
  "pins" : [
    {
      "identity" : "flexlayout",
      "kind" : "remoteSourceControl",
      "location" : "https://github.com/layoutBox/FlexLayout",
      "state" : {
        "branch" : "master",
        "revision" : "761adb2e662ad9d4780cc44ee8f185564ce8e009"
      }
    },
    {
      "identity" : "snapkit",
      "kind" : "remoteSourceControl",
      "location" : "https://github.com/SnapKit/SnapKit",
      "state" : {
        "branch" : "main",
        "revision" : "f222cbdf325885926566172f6f5f06af95473158"
      }
    }
  ],
  "version" : 2
}
